
Microsoft Visual Studio Solution File, Format Version 12.00
# Visual Studio 15
VisualStudioVersion = 15.0.25920.0
MinimumVisualStudioVersion = 10.0.40219.1
Project("{FAE04EC0-301F-11D3-BF4B-00C04F79EFBC}") = "SportsStore.WebUI", "SportsStore.WebUI\SportsStore.WebUI.csproj", "{7C9CCC49-0E63-4A0D-9007-4318D4930035}"
EndProject
Project("{FAE04EC0-301F-11D3-BF4B-00C04F79EFBC}") = "SportsStore.UnitTests", "SportsStore.UnitTests\SportsStore.UnitTests.csproj", "{1626292D-DE9D-44CF-9917-40F7FFB90C7A}"
EndProject
Project("{FAE04EC0-301F-11D3-BF4B-00C04F79EFBC}") = "SportsStore.Domain", "SportsStore.Domain\SportsStore.Domain.csproj", "{C5E2948B-6B0E-486A-8C92-2D9F5CD83CA7}"
EndProject
Global
	GlobalSection(SolutionConfigurationPlatforms) = preSolution
		Debug|Any CPU = Debug|Any CPU
		Debug|x86 = Debug|x86
		Release|Any CPU = Release|Any CPU
		Release|x86 = Release|x86
	EndGlobalSection
	GlobalSection(ProjectConfigurationPlatforms) = postSolution
		{7C9CCC49-0E63-4A0D-9007-4318D4930035}.Debug|Any CPU.ActiveCfg = Debug|Any CPU
		{7C9CCC49-0E63-4A0D-9007-4318D4930035}.Debug|Any CPU.Build.0 = Debug|Any CPU
		{7C9CCC49-0E63-4A0D-9007-4318D4930035}.Debug|x86.ActiveCfg = Debug|Any CPU
		{7C9CCC49-0E63-4A0D-9007-4318D4930035}.Debug|x86.Build.0 = Debug|Any CPU
		{7C9CCC49-0E63-4A0D-9007-4318D4930035}.Release|Any CPU.ActiveCfg = Release|Any CPU
		{7C9CCC49-0E63-4A0D-9007-4318D4930035}.Release|Any CPU.Build.0 = Release|Any CPU
		{7C9CCC49-0E63-4A0D-9007-4318D4930035}.Release|x86.ActiveCfg = Release|Any CPU
		{7C9CCC49-0E63-4A0D-9007-4318D4930035}.Release|x86.Build.0 = Release|Any CPU
		{1626292D-DE9D-44CF-9917-40F7FFB90C7A}.Debug|Any CPU.ActiveCfg = Debug|Any CPU
		{1626292D-DE9D-44CF-9917-40F7FFB90C7A}.Debug|Any CPU.Build.0 = Debug|Any CPU
		{1626292D-DE9D-44CF-9917-40F7FFB90C7A}.Debug|x86.ActiveCfg = Debug|Any CPU
		{1626292D-DE9D-44CF-9917-40F7FFB90C7A}.Debug|x86.Build.0 = Debug|Any CPU
		{1626292D-DE9D-44CF-9917-40F7FFB90C7A}.Release|Any CPU.ActiveCfg = Release|Any CPU
		{1626292D-DE9D-44CF-9917-40F7FFB90C7A}.Release|Any CPU.Build.0 = Release|Any CPU
		{1626292D-DE9D-44CF-9917-40F7FFB90C7A}.Release|x86.ActiveCfg = Release|Any CPU
		{1626292D-DE9D-44CF-9917-40F7FFB90C7A}.Release|x86.Build.0 = Release|Any CPU
		{C5E2948B-6B0E-486A-8C92-2D9F5CD83CA7}.Debug|Any CPU.ActiveCfg = Debug|Any CPU
		{C5E2948B-6B0E-486A-8C92-2D9F5CD83CA7}.Debug|Any CPU.Build.0 = Debug|Any CPU
		{C5E2948B-6B0E-486A-8C92-2D9F5CD83CA7}.Debug|x86.ActiveCfg = Debug|Any CPU
		{C5E2948B-6B0E-486A-8C92-2D9F5CD83CA7}.Debug|x86.Build.0 = Debug|Any CPU
		{C5E2948B-6B0E-486A-8C92-2D9F5CD83CA7}.Release|Any CPU.ActiveCfg = Release|Any CPU
		{C5E2948B-6B0E-486A-8C92-2D9F5CD83CA7}.Release|Any CPU.Build.0 = Release|Any CPU
		{C5E2948B-6B0E-486A-8C92-2D9F5CD83CA7}.Release|x86.ActiveCfg = Release|Any CPU
		{C5E2948B-6B0E-486A-8C92-2D9F5CD83CA7}.Release|x86.Build.0 = Release|Any CPU
	EndGlobalSection
	GlobalSection(SolutionProperties) = preSolution
		HideSolutionNode = FALSE
	EndGlobalSection
EndGlobal
